
Microsoft Visual Studio Solution File, Format Version 12.00
# Visual Studio 15
VisualStudioVersion = 15.0.28010.2016
MinimumVisualStudioVersion = 10.0.40219.1
Project("{FAE04EC0-301F-11D3-BF4B-00C04F79EFBC}") = "Day12", "Day12\Day12.csproj", "{90E17D76-EEB1-4419-B4F2-1261F637B0E2}"
EndProject
Global
	GlobalSection(SolutionConfigurationPlatforms) = preSolution
		Debug|Any CPU = Debug|Any CPU
		Release|Any CPU = Release|Any CPU
	EndGlobalSection
	GlobalSection(ProjectConfigurationPlatforms) = postSolution
		{90E17D76-EEB1-4419-B4F2-1261F637B0E2}.Debug|Any CPU.ActiveCfg = Debug|Any CPU
		{90E17D76-EEB1-4419-B4F2-1261F637B0E2}.Debug|Any CPU.Build.0 = Debug|Any CPU
		{90E17D76-EEB1-4419-B4F2-1261F637B0E2}.Release|Any CPU.ActiveCfg = Release|Any CPU
		{90E17D76-EEB1-4419-B4F2-1261F637B0E2}.Release|Any CPU.Build.0 = Release|Any CPU
	EndGlobalSection
	GlobalSection(SolutionProperties) = preSolution
		HideSolutionNode = FALSE
	EndGlobalSection
	GlobalSection(ExtensibilityGlobals) = postSolution
		SolutionGuid = {F16F9282-0EE8-4BD0-B900-2070B64586A6}
	EndGlobalSection
EndGlobal
